
Microsoft Visual Studio Solution File, Format Version 12.00
# Visual Studio Version 17
VisualStudioVersion = 17.0.31423.177
MinimumVisualStudioVersion = 10.0.40219.1
Project("{9A19103F-16F7-4668-BE54-9A1E7A4F7556}") = "PuppySqlWrapper", "3-Services\PuppySqlWrapper\PuppySqlWrapper.csproj", "{6762C93F-08CB-4128-AEAC-2E2D45A5590E}"
EndProject
Project("{9A19103F-16F7-4668-BE54-9A1E7A4F7556}") = "PuppyTests", "8-Tests\PuppyTests\PuppyTests.csproj", "{4061E416-9D40-4815-9669-B5F01CD4C50E}"
EndProject
Project("{2150E333-8FDC-42A3-9474-1A3956D46DE8}") = "3-Services", "3-Services", "{82374B36-F769-4DA3-9603-F4CBB5F6F9D9}"
EndProject
Project("{2150E333-8FDC-42A3-9474-1A3956D46DE8}") = "7-Presentation", "7-Presentation", "{969FC74F-C1A0-4725-9826-27852BDAE843}"
EndProject
Project("{9A19103F-16F7-4668-BE54-9A1E7A4F7556}") = "PuppyApp.Wpf", "7-Presentation\PuppyApp.Wpf\PuppyApp.Wpf.csproj", "{8DED2FA9-252E-447E-9D1C-780B552D8B58}"
EndProject
Project("{2150E333-8FDC-42A3-9474-1A3956D46DE8}") = "8-Tests", "8-Tests", "{8BD33CBF-0682-4E25-9DC9-7572BD8388AA}"
EndProject
Project("{00D1A9C2-B5F0-4AF3-8072-F6C62B433612}") = "SampleDb", "8-Tests\SampleDb\SampleDb.sqlproj", "{0D6B4757-9C8C-4858-BD53-13C5FE2C346C}"
EndProject
Project("{2150E333-8FDC-42A3-9474-1A3956D46DE8}") = "1-Core", "1-Core", "{76AE8C4C-B3EE-4E8E-BD70-12A09AF5B281}"
EndProject
Project("{6EC3EE1D-3C4E-46DD-8F32-0CC8E7565705}") = "PuppyData.Types", "1-Core\PuppyData.Types\PuppyData.Types.fsproj", "{B9111315-57FB-4252-87B1-F6B9445495AC}"
EndProject
Project("{6EC3EE1D-3C4E-46DD-8F32-0CC8E7565705}") = "Puppy.SqlMapper", "3-Services\Puppy.SqlMapper\Puppy.SqlMapper.fsproj", "{D9EF25C0-C82F-4738-85EB-1E5CE3AC0BE8}"
EndProject
Project("{6EC3EE1D-3C4E-46DD-8F32-0CC8E7565705}") = "Puppy.SqlViewModels", "7-Presentation\Puppy.SqlViewModels\Puppy.SqlViewModels.fsproj", "{0F16FBA0-C28D-4875-BB63-52AE832C0F4B}"
EndProject
Project("{9A19103F-16F7-4668-BE54-9A1E7A4F7556}") = "PuppyApp.Tests", "8-Tests\PuppyApp.Tests\PuppyApp.Tests.csproj", "{6D0C7920-CDE7-40C6-AA95-21E28DD5FCF5}"
EndProject
Project("{FAE04EC0-301F-11D3-BF4B-00C04F79EFBC}") = "PuppyApp.WinUI3", "7-Presentation\PuppyApp.WinUI3\PuppyApp.WinUI3.csproj", "{EA73DFE6-A6DB-45AD-AA97-AAA0CAB8F0F5}"
EndProject
Project("{F2A71F9B-5D33-465A-A702-920D77279786}") = "PuppyApp.AvaloniaUI", "7-Presentation\PuppyApp.AvaloniaUI\PuppyApp.AvaloniaUI.fsproj", "{88580EB4-D72F-47B8-931E-CD31EF818B9F}"
EndProject
Project("{FAE04EC0-301F-11D3-BF4B-00C04F79EFBC}") = "Puppy.Types", "1-Core\Puppy.Types\Puppy.Types.csproj", "{2531AD5D-520A-492C-92E5-F65E4B88B5E9}"
EndProject
Project("{FAE04EC0-301F-11D3-BF4B-00C04F79EFBC}") = "PuppyApp.BlazorComponents", "7-Presentation\PuppyApp.BlazorComponents\PuppyApp.BlazorComponents.csproj", "{3B759797-3BB6-4CE4-AE22-E8F807AD06A9}"
EndProject
Project("{FAE04EC0-301F-11D3-BF4B-00C04F79EFBC}") = "PuppyApp.BlazorMaui", "7-Presentation\PuppyApp.BlazorMaui\PuppyApp.BlazorMaui.csproj", "{039C2392-403E-483F-B935-A68962D26CCE}"
EndProject
Global
	GlobalSection(SolutionConfigurationPlatforms) = preSolution
		Debug|Any CPU = Debug|Any CPU
		Debug|ARM = Debug|ARM
		Debug|ARM64 = Debug|ARM64
		Debug|x64 = Debug|x64
		Debug|x86 = Debug|x86
		Release|Any CPU = Release|Any CPU
		Release|ARM = Release|ARM
		Release|ARM64 = Release|ARM64
		Release|x64 = Release|x64
		Release|x86 = Release|x86
	EndGlobalSection
	GlobalSection(ProjectConfigurationPlatforms) = postSolution
		{6762C93F-08CB-4128-AEAC-2E2D45A5590E}.Debug|Any CPU.ActiveCfg = Debug|Any CPU
		{6762C93F-08CB-4128-AEAC-2E2D45A5590E}.Debug|Any CPU.Build.0 = Debug|Any CPU
		{6762C93F-08CB-4128-AEAC-2E2D45A5590E}.Debug|ARM.ActiveCfg = Debug|Any CPU
		{6762C93F-08CB-4128-AEAC-2E2D45A5590E}.Debug|ARM.Build.0 = Debug|Any CPU
		{6762C93F-08CB-4128-AEAC-2E2D45A5590E}.Debug|ARM64.ActiveCfg = Debug|Any CPU
		{6762C93F-08CB-4128-AEAC-2E2D45A5590E}.Debug|ARM64.Build.0 = Debug|Any CPU
		{6762C93F-08CB-4128-AEAC-2E2D45A5590E}.Debug|x64.ActiveCfg = Debug|Any CPU
		{6762C93F-08CB-4128-AEAC-2E2D45A5590E}.Debug|x64.Build.0 = Debug|Any CPU
		{6762C93F-08CB-4128-AEAC-2E2D45A5590E}.Debug|x86.ActiveCfg = Debug|Any CPU
		{6762C93F-08CB-4128-AEAC-2E2D45A5590E}.Debug|x86.Build.0 = Debug|Any CPU
		{6762C93F-08CB-4128-AEAC-2E2D45A5590E}.Release|Any CPU.ActiveCfg = Release|Any CPU
		{6762C93F-08CB-4128-AEAC-2E2D45A5590E}.Release|Any CPU.Build.0 = Release|Any CPU
		{6762C93F-08CB-4128-AEAC-2E2D45A5590E}.Release|ARM.ActiveCfg = Release|Any CPU
		{6762C93F-08CB-4128-AEAC-2E2D45A5590E}.Release|ARM.Build.0 = Release|Any CPU
		{6762C93F-08CB-4128-AEAC-2E2D45A5590E}.Release|ARM64.ActiveCfg = Release|Any CPU
		{6762C93F-08CB-4128-AEAC-2E2D45A5590E}.Release|ARM64.Build.0 = Release|Any CPU
		{6762C93F-08CB-4128-AEAC-2E2D45A5590E}.Release|x64.ActiveCfg = Release|Any CPU
		{6762C93F-08CB-4128-AEAC-2E2D45A5590E}.Release|x64.Build.0 = Release|Any CPU
		{6762C93F-08CB-4128-AEAC-2E2D45A5590E}.Release|x86.ActiveCfg = Release|Any CPU
		{6762C93F-08CB-4128-AEAC-2E2D45A5590E}.Release|x86.Build.0 = Release|Any CPU
		{4061E416-9D40-4815-9669-B5F01CD4C50E}.Debug|Any CPU.ActiveCfg = Debug|Any CPU
		{4061E416-9D40-4815-9669-B5F01CD4C50E}.Debug|Any CPU.Build.0 = Debug|Any CPU
		{4061E416-9D40-4815-9669-B5F01CD4C50E}.Debug|ARM.ActiveCfg = Debug|Any CPU
		{4061E416-9D40-4815-9669-B5F01CD4C50E}.Debug|ARM.Build.0 = Debug|Any CPU
		{4061E416-9D40-4815-9669-B5F01CD4C50E}.Debug|ARM64.ActiveCfg = Debug|Any CPU
		{4061E416-9D40-4815-9669-B5F01CD4C50E}.Debug|ARM64.Build.0 = Debug|Any CPU
		{4061E416-9D40-4815-9669-B5F01CD4C50E}.Debug|x64.ActiveCfg = Debug|Any CPU
		{4061E416-9D40-4815-9669-B5F01CD4C50E}.Debug|x64.Build.0 = Debug|Any CPU
		{4061E416-9D40-4815-9669-B5F01CD4C50E}.Debug|x86.ActiveCfg = Debug|Any CPU
		{4061E416-9D40-4815-9669-B5F01CD4C50E}.Debug|x86.Build.0 = Debug|Any CPU
		{4061E416-9D40-4815-9669-B5F01CD4C50E}.Release|Any CPU.ActiveCfg = Release|Any CPU
		{4061E416-9D40-4815-9669-B5F01CD4C50E}.Release|Any CPU.Build.0 = Release|Any CPU
		{4061E416-9D40-4815-9669-B5F01CD4C50E}.Release|ARM.ActiveCfg = Release|Any CPU
		{4061E416-9D40-4815-9669-B5F01CD4C50E}.Release|ARM.Build.0 = Release|Any CPU
		{4061E416-9D40-4815-9669-B5F01CD4C50E}.Release|ARM64.ActiveCfg = Release|Any CPU
		{4061E416-9D40-4815-9669-B5F01CD4C50E}.Release|ARM64.Build.0 = Release|Any CPU
		{4061E416-9D40-4815-9669-B5F01CD4C50E}.Release|x64.ActiveCfg = Release|Any CPU
		{4061E416-9D40-4815-9669-B5F01CD4C50E}.Release|x64.Build.0 = Release|Any CPU
		{4061E416-9D40-4815-9669-B5F01CD4C50E}.Release|x86.ActiveCfg = Release|Any CPU
		{4061E416-9D40-4815-9669-B5F01CD4C50E}.Release|x86.Build.0 = Release|Any CPU
		{8DED2FA9-252E-447E-9D1C-780B552D8B58}.Debug|Any CPU.ActiveCfg = Debug|Any CPU
		{8DED2FA9-252E-447E-9D1C-780B552D8B58}.Debug|Any CPU.Build.0 = Debug|Any CPU
		{8DED2FA9-252E-447E-9D1C-780B552D8B58}.Debug|ARM.ActiveCfg = Debug|Any CPU
		{8DED2FA9-252E-447E-9D1C-780B552D8B58}.Debug|ARM.Build.0 = Debug|Any CPU
		{8DED2FA9-252E-447E-9D1C-780B552D8B58}.Debug|ARM64.ActiveCfg = Debug|Any CPU
		{8DED2FA9-252E-447E-9D1C-780B552D8B58}.Debug|ARM64.Build.0 = Debug|Any CPU
		{8DED2FA9-252E-447E-9D1C-780B552D8B58}.Debug|x64.ActiveCfg = Debug|Any CPU
		{8DED2FA9-252E-447E-9D1C-780B552D8B58}.Debug|x64.Build.0 = Debug|Any CPU
		{8DED2FA9-252E-447E-9D1C-780B552D8B58}.Debug|x86.ActiveCfg = Debug|Any CPU
		{8DED2FA9-252E-447E-9D1C-780B552D8B58}.Debug|x86.Build.0 = Debug|Any CPU
		{8DED2FA9-252E-447E-9D1C-780B552D8B58}.Release|Any CPU.ActiveCfg = Release|Any CPU
		{8DED2FA9-252E-447E-9D1C-780B552D8B58}.Release|Any CPU.Build.0 = Release|Any CPU
		{8DED2FA9-252E-447E-9D1C-780B552D8B58}.Release|ARM.ActiveCfg = Release|Any CPU
		{8DED2FA9-252E-447E-9D1C-780B552D8B58}.Release|ARM.Build.0 = Release|Any CPU
		{8DED2FA9-252E-447E-9D1C-780B552D8B58}.Release|ARM64.ActiveCfg = Release|Any CPU
		{8DED2FA9-252E-447E-9D1C-780B552D8B58}.Release|ARM64.Build.0 = Release|Any CPU
		{8DED2FA9-252E-447E-9D1C-780B552D8B58}.Release|x64.ActiveCfg = Release|Any CPU
		{8DED2FA9-252E-447E-9D1C-780B552D8B58}.Release|x64.Build.0 = Release|Any CPU
		{8DED2FA9-252E-447E-9D1C-780B552D8B58}.Release|x86.ActiveCfg = Release|Any CPU
		{8DED2FA9-252E-447E-9D1C-780B552D8B58}.Release|x86.Build.0 = Release|Any CPU
		{0D6B4757-9C8C-4858-BD53-13C5FE2C346C}.Debug|Any CPU.ActiveCfg = Debug|Any CPU
		{0D6B4757-9C8C-4858-BD53-13C5FE2C346C}.Debug|Any CPU.Build.0 = Debug|Any CPU
		{0D6B4757-9C8C-4858-BD53-13C5FE2C346C}.Debug|Any CPU.Deploy.0 = Debug|Any CPU
		{0D6B4757-9C8C-4858-BD53-13C5FE2C346C}.Debug|ARM.ActiveCfg = Debug|Any CPU
		{0D6B4757-9C8C-4858-BD53-13C5FE2C346C}.Debug|ARM.Build.0 = Debug|Any CPU
		{0D6B4757-9C8C-4858-BD53-13C5FE2C346C}.Debug|ARM.Deploy.0 = Debug|Any CPU
		{0D6B4757-9C8C-4858-BD53-13C5FE2C346C}.Debug|ARM64.ActiveCfg = Debug|Any CPU
		{0D6B4757-9C8C-4858-BD53-13C5FE2C346C}.Debug|ARM64.Build.0 = Debug|Any CPU
		{0D6B4757-9C8C-4858-BD53-13C5FE2C346C}.Debug|ARM64.Deploy.0 = Debug|Any CPU
		{0D6B4757-9C8C-4858-BD53-13C5FE2C346C}.Debug|x64.ActiveCfg = Debug|Any CPU
		{0D6B4757-9C8C-4858-BD53-13C5FE2C346C}.Debug|x64.Build.0 = Debug|Any CPU
		{0D6B4757-9C8C-4858-BD53-13C5FE2C346C}.Debug|x64.Deploy.0 = Debug|Any CPU
		{0D6B4757-9C8C-4858-BD53-13C5FE2C346C}.Debug|x86.ActiveCfg = Debug|Any CPU
		{0D6B4757-9C8C-4858-BD53-13C5FE2C346C}.Debug|x86.Build.0 = Debug|Any CPU
		{0D6B4757-9C8C-4858-BD53-13C5FE2C346C}.Debug|x86.Deploy.0 = Debug|Any CPU
		{0D6B4757-9C8C-4858-BD53-13C5FE2C346C}.Release|Any CPU.ActiveCfg = Release|Any CPU
		{0D6B4757-9C8C-4858-BD53-13C5FE2C346C}.Release|Any CPU.Build.0 = Release|Any CPU
		{0D6B4757-9C8C-4858-BD53-13C5FE2C346C}.Release|Any CPU.Deploy.0 = Release|Any CPU
		{0D6B4757-9C8C-4858-BD53-13C5FE2C346C}.Release|ARM.ActiveCfg = Release|Any CPU
		{0D6B4757-9C8C-4858-BD53-13C5FE2C346C}.Release|ARM.Build.0 = Release|Any CPU
		{0D6B4757-9C8C-4858-BD53-13C5FE2C346C}.Release|ARM.Deploy.0 = Release|Any CPU
		{0D6B4757-9C8C-4858-BD53-13C5FE2C346C}.Release|ARM64.ActiveCfg = Release|Any CPU
		{0D6B4757-9C8C-4858-BD53-13C5FE2C346C}.Release|ARM64.Build.0 = Release|Any CPU
		{0D6B4757-9C8C-4858-BD53-13C5FE2C346C}.Release|ARM64.Deploy.0 = Release|Any CPU
		{0D6B4757-9C8C-4858-BD53-13C5FE2C346C}.Release|x64.ActiveCfg = Release|Any CPU
		{0D6B4757-9C8C-4858-BD53-13C5FE2C346C}.Release|x64.Build.0 = Release|Any CPU
		{0D6B4757-9C8C-4858-BD53-13C5FE2C346C}.Release|x64.Deploy.0 = Release|Any CPU
		{0D6B4757-9C8C-4858-BD53-13C5FE2C346C}.Release|x86.ActiveCfg = Release|Any CPU
		{0D6B4757-9C8C-4858-BD53-13C5FE2C346C}.Release|x86.Build.0 = Release|Any CPU
		{0D6B4757-9C8C-4858-BD53-13C5FE2C346C}.Release|x86.Deploy.0 = Release|Any CPU
		{B9111315-57FB-4252-87B1-F6B9445495AC}.Debug|Any CPU.ActiveCfg = Debug|Any CPU
		{B9111315-57FB-4252-87B1-F6B9445495AC}.Debug|Any CPU.Build.0 = Debug|Any CPU
		{B9111315-57FB-4252-87B1-F6B9445495AC}.Debug|ARM.ActiveCfg = Debug|Any CPU
		{B9111315-57FB-4252-87B1-F6B9445495AC}.Debug|ARM.Build.0 = Debug|Any CPU
		{B9111315-57FB-4252-87B1-F6B9445495AC}.Debug|ARM64.ActiveCfg = Debug|Any CPU
		{B9111315-57FB-4252-87B1-F6B9445495AC}.Debug|ARM64.Build.0 = Debug|Any CPU
		{B9111315-57FB-4252-87B1-F6B9445495AC}.Debug|x64.ActiveCfg = Debug|Any CPU
		{B9111315-57FB-4252-87B1-F6B9445495AC}.Debug|x64.Build.0 = Debug|Any CPU
		{B9111315-57FB-4252-87B1-F6B9445495AC}.Debug|x86.ActiveCfg = Debug|Any CPU
		{B9111315-57FB-4252-87B1-F6B9445495AC}.Debug|x86.Build.0 = Debug|Any CPU
		{B9111315-57FB-4252-87B1-F6B9445495AC}.Release|Any CPU.ActiveCfg = Release|Any CPU
		{B9111315-57FB-4252-87B1-F6B9445495AC}.Release|Any CPU.Build.0 = Release|Any CPU
		{B9111315-57FB-4252-87B1-F6B9445495AC}.Release|ARM.ActiveCfg = Release|Any CPU
		{B9111315-57FB-4252-87B1-F6B9445495AC}.Release|ARM.Build.0 = Release|Any CPU
		{B9111315-57FB-4252-87B1-F6B9445495AC}.Release|ARM64.ActiveCfg = Release|Any CPU
		{B9111315-57FB-4252-87B1-F6B9445495AC}.Release|ARM64.Build.0 = Release|Any CPU
		{B9111315-57FB-4252-87B1-F6B9445495AC}.Release|x64.ActiveCfg = Release|Any CPU
		{B9111315-57FB-4252-87B1-F6B9445495AC}.Release|x64.Build.0 = Release|Any CPU
		{B9111315-57FB-4252-87B1-F6B9445495AC}.Release|x86.ActiveCfg = Release|Any CPU
		{B9111315-57FB-4252-87B1-F6B9445495AC}.Release|x86.Build.0 = Release|Any CPU
		{D9EF25C0-C82F-4738-85EB-1E5CE3AC0BE8}.Debug|Any CPU.ActiveCfg = Debug|Any CPU
		{D9EF25C0-C82F-4738-85EB-1E5CE3AC0BE8}.Debug|Any CPU.Build.0 = Debug|Any CPU
		{D9EF25C0-C82F-4738-85EB-1E5CE3AC0BE8}.Debug|ARM.ActiveCfg = Debug|Any CPU
		{D9EF25C0-C82F-4738-85EB-1E5CE3AC0BE8}.Debug|ARM.Build.0 = Debug|Any CPU
		{D9EF25C0-C82F-4738-85EB-1E5CE3AC0BE8}.Debug|ARM64.ActiveCfg = Debug|Any CPU
		{D9EF25C0-C82F-4738-85EB-1E5CE3AC0BE8}.Debug|ARM64.Build.0 = Debug|Any CPU
		{D9EF25C0-C82F-4738-85EB-1E5CE3AC0BE8}.Debug|x64.ActiveCfg = Debug|Any CPU
		{D9EF25C0-C82F-4738-85EB-1E5CE3AC0BE8}.Debug|x64.Build.0 = Debug|Any CPU
		{D9EF25C0-C82F-4738-85EB-1E5CE3AC0BE8}.Debug|x86.ActiveCfg = Debug|Any CPU
		{D9EF25C0-C82F-4738-85EB-1E5CE3AC0BE8}.Debug|x86.Build.0 = Debug|Any CPU
		{D9EF25C0-C82F-4738-85EB-1E5CE3AC0BE8}.Release|Any CPU.ActiveCfg = Release|Any CPU
		{D9EF25C0-C82F-4738-85EB-1E5CE3AC0BE8}.Release|Any CPU.Build.0 = Release|Any CPU
		{D9EF25C0-C82F-4738-85EB-1E5CE3AC0BE8}.Release|ARM.ActiveCfg = Release|Any CPU
		{D9EF25C0-C82F-4738-85EB-1E5CE3AC0BE8}.Release|ARM.Build.0 = Release|Any CPU
		{D9EF25C0-C82F-4738-85EB-1E5CE3AC0BE8}.Release|ARM64.ActiveCfg = Release|Any CPU
		{D9EF25C0-C82F-4738-85EB-1E5CE3AC0BE8}.Release|ARM64.Build.0 = Release|Any CPU
		{D9EF25C0-C82F-4738-85EB-1E5CE3AC0BE8}.Release|x64.ActiveCfg = Release|Any CPU
		{D9EF25C0-C82F-4738-85EB-1E5CE3AC0BE8}.Release|x64.Build.0 = Release|Any CPU
		{D9EF25C0-C82F-4738-85EB-1E5CE3AC0BE8}.Release|x86.ActiveCfg = Release|Any CPU
		{D9EF25C0-C82F-4738-85EB-1E5CE3AC0BE8}.Release|x86.Build.0 = Release|Any CPU
		{0F16FBA0-C28D-4875-BB63-52AE832C0F4B}.Debug|Any CPU.ActiveCfg = Debug|Any CPU
		{0F16FBA0-C28D-4875-BB63-52AE832C0F4B}.Debug|Any CPU.Build.0 = Debug|Any CPU
		{0F16FBA0-C28D-4875-BB63-52AE832C0F4B}.Debug|ARM.ActiveCfg = Debug|Any CPU
		{0F16FBA0-C28D-4875-BB63-52AE832C0F4B}.Debug|ARM.Build.0 = Debug|Any CPU
		{0F16FBA0-C28D-4875-BB63-52AE832C0F4B}.Debug|ARM64.ActiveCfg = Debug|Any CPU
		{0F16FBA0-C28D-4875-BB63-52AE832C0F4B}.Debug|ARM64.Build.0 = Debug|Any CPU
		{0F16FBA0-C28D-4875-BB63-52AE832C0F4B}.Debug|x64.ActiveCfg = Debug|Any CPU
		{0F16FBA0-C28D-4875-BB63-52AE832C0F4B}.Debug|x64.Build.0 = Debug|Any CPU
		{0F16FBA0-C28D-4875-BB63-52AE832C0F4B}.Debug|x86.ActiveCfg = Debug|Any CPU
		{0F16FBA0-C28D-4875-BB63-52AE832C0F4B}.Debug|x86.Build.0 = Debug|Any CPU
		{0F16FBA0-C28D-4875-BB63-52AE832C0F4B}.Release|Any CPU.ActiveCfg = Release|Any CPU
		{0F16FBA0-C28D-4875-BB63-52AE832C0F4B}.Release|Any CPU.Build.0 = Release|Any CPU
		{0F16FBA0-C28D-4875-BB63-52AE832C0F4B}.Release|ARM.ActiveCfg = Release|Any CPU
		{0F16FBA0-C28D-4875-BB63-52AE832C0F4B}.Release|ARM.Build.0 = Release|Any CPU
		{0F16FBA0-C28D-4875-BB63-52AE832C0F4B}.Release|ARM64.ActiveCfg = Release|Any CPU
		{0F16FBA0-C28D-4875-BB63-52AE832C0F4B}.Release|ARM64.Build.0 = Release|Any CPU
		{0F16FBA0-C28D-4875-BB63-52AE832C0F4B}.Release|x64.ActiveCfg = Release|Any CPU
		{0F16FBA0-C28D-4875-BB63-52AE832C0F4B}.Release|x64.Build.0 = Release|Any CPU
		{0F16FBA0-C28D-4875-BB63-52AE832C0F4B}.Release|x86.ActiveCfg = Release|Any CPU
		{0F16FBA0-C28D-4875-BB63-52AE832C0F4B}.Release|x86.Build.0 = Release|Any CPU
		{6D0C7920-CDE7-40C6-AA95-21E28DD5FCF5}.Debug|Any CPU.ActiveCfg = Debug|Any CPU
		{6D0C7920-CDE7-40C6-AA95-21E28DD5FCF5}.Debug|Any CPU.Build.0 = Debug|Any CPU
		{6D0C7920-CDE7-40C6-AA95-21E28DD5FCF5}.Debug|ARM.ActiveCfg = Debug|Any CPU
		{6D0C7920-CDE7-40C6-AA95-21E28DD5FCF5}.Debug|ARM.Build.0 = Debug|Any CPU
		{6D0C7920-CDE7-40C6-AA95-21E28DD5FCF5}.Debug|ARM64.ActiveCfg = Debug|Any CPU
		{6D0C7920-CDE7-40C6-AA95-21E28DD5FCF5}.Debug|ARM64.Build.0 = Debug|Any CPU
		{6D0C7920-CDE7-40C6-AA95-21E28DD5FCF5}.Debug|x64.ActiveCfg = Debug|Any CPU
		{6D0C7920-CDE7-40C6-AA95-21E28DD5FCF5}.Debug|x64.Build.0 = Debug|Any CPU
		{6D0C7920-CDE7-40C6-AA95-21E28DD5FCF5}.Debug|x86.ActiveCfg = Debug|Any CPU
		{6D0C7920-CDE7-40C6-AA95-21E28DD5FCF5}.Debug|x86.Build.0 = Debug|Any CPU
		{6D0C7920-CDE7-40C6-AA95-21E28DD5FCF5}.Release|Any CPU.ActiveCfg = Release|Any CPU
		{6D0C7920-CDE7-40C6-AA95-21E28DD5FCF5}.Release|Any CPU.Build.0 = Release|Any CPU
		{6D0C7920-CDE7-40C6-AA95-21E28DD5FCF5}.Release|ARM.ActiveCfg = Release|Any CPU
		{6D0C7920-CDE7-40C6-AA95-21E28DD5FCF5}.Release|ARM.Build.0 = Release|Any CPU
		{6D0C7920-CDE7-40C6-AA95-21E28DD5FCF5}.Release|ARM64.ActiveCfg = Release|Any CPU
		{6D0C7920-CDE7-40C6-AA95-21E28DD5FCF5}.Release|ARM64.Build.0 = Release|Any CPU
		{6D0C7920-CDE7-40C6-AA95-21E28DD5FCF5}.Release|x64.ActiveCfg = Release|Any CPU
		{6D0C7920-CDE7-40C6-AA95-21E28DD5FCF5}.Release|x64.Build.0 = Release|Any CPU
		{6D0C7920-CDE7-40C6-AA95-21E28DD5FCF5}.Release|x86.ActiveCfg = Release|Any CPU
		{6D0C7920-CDE7-40C6-AA95-21E28DD5FCF5}.Release|x86.Build.0 = Release|Any CPU
		{EA73DFE6-A6DB-45AD-AA97-AAA0CAB8F0F5}.Debug|Any CPU.ActiveCfg = Debug|x64
		{EA73DFE6-A6DB-45AD-AA97-AAA0CAB8F0F5}.Debug|Any CPU.Build.0 = Debug|x64
		{EA73DFE6-A6DB-45AD-AA97-AAA0CAB8F0F5}.Debug|Any CPU.Deploy.0 = Debug|x64
		{EA73DFE6-A6DB-45AD-AA97-AAA0CAB8F0F5}.Debug|ARM.ActiveCfg = Debug|x64
		{EA73DFE6-A6DB-45AD-AA97-AAA0CAB8F0F5}.Debug|ARM.Build.0 = Debug|x64
		{EA73DFE6-A6DB-45AD-AA97-AAA0CAB8F0F5}.Debug|ARM.Deploy.0 = Debug|x64
		{EA73DFE6-A6DB-45AD-AA97-AAA0CAB8F0F5}.Debug|ARM64.ActiveCfg = Debug|ARM64
		{EA73DFE6-A6DB-45AD-AA97-AAA0CAB8F0F5}.Debug|ARM64.Build.0 = Debug|ARM64
		{EA73DFE6-A6DB-45AD-AA97-AAA0CAB8F0F5}.Debug|ARM64.Deploy.0 = Debug|ARM64
		{EA73DFE6-A6DB-45AD-AA97-AAA0CAB8F0F5}.Debug|x64.ActiveCfg = Debug|x64
		{EA73DFE6-A6DB-45AD-AA97-AAA0CAB8F0F5}.Debug|x64.Build.0 = Debug|x64
		{EA73DFE6-A6DB-45AD-AA97-AAA0CAB8F0F5}.Debug|x64.Deploy.0 = Debug|x64
		{EA73DFE6-A6DB-45AD-AA97-AAA0CAB8F0F5}.Debug|x86.ActiveCfg = Debug|x86
		{EA73DFE6-A6DB-45AD-AA97-AAA0CAB8F0F5}.Debug|x86.Build.0 = Debug|x86
		{EA73DFE6-A6DB-45AD-AA97-AAA0CAB8F0F5}.Debug|x86.Deploy.0 = Debug|x86
		{EA73DFE6-A6DB-45AD-AA97-AAA0CAB8F0F5}.Release|Any CPU.ActiveCfg = Release|x64
		{EA73DFE6-A6DB-45AD-AA97-AAA0CAB8F0F5}.Release|Any CPU.Build.0 = Release|x64
		{EA73DFE6-A6DB-45AD-AA97-AAA0CAB8F0F5}.Release|Any CPU.Deploy.0 = Release|x64
		{EA73DFE6-A6DB-45AD-AA97-AAA0CAB8F0F5}.Release|ARM.ActiveCfg = Release|x64
		{EA73DFE6-A6DB-45AD-AA97-AAA0CAB8F0F5}.Release|ARM.Build.0 = Release|x64
		{EA73DFE6-A6DB-45AD-AA97-AAA0CAB8F0F5}.Release|ARM.Deploy.0 = Release|x64
		{EA73DFE6-A6DB-45AD-AA97-AAA0CAB8F0F5}.Release|ARM64.ActiveCfg = Release|ARM64
		{EA73DFE6-A6DB-45AD-AA97-AAA0CAB8F0F5}.Release|ARM64.Build.0 = Release|ARM64
		{EA73DFE6-A6DB-45AD-AA97-AAA0CAB8F0F5}.Release|ARM64.Deploy.0 = Release|ARM64
		{EA73DFE6-A6DB-45AD-AA97-AAA0CAB8F0F5}.Release|x64.ActiveCfg = Release|x64
		{EA73DFE6-A6DB-45AD-AA97-AAA0CAB8F0F5}.Release|x64.Build.0 = Release|x64
		{EA73DFE6-A6DB-45AD-AA97-AAA0CAB8F0F5}.Release|x64.Deploy.0 = Release|x64
		{EA73DFE6-A6DB-45AD-AA97-AAA0CAB8F0F5}.Release|x86.ActiveCfg = Release|x86
		{EA73DFE6-A6DB-45AD-AA97-AAA0CAB8F0F5}.Release|x86.Build.0 = Release|x86
		{EA73DFE6-A6DB-45AD-AA97-AAA0CAB8F0F5}.Release|x86.Deploy.0 = Release|x86
		{88580EB4-D72F-47B8-931E-CD31EF818B9F}.Debug|Any CPU.ActiveCfg = Debug|Any CPU
		{88580EB4-D72F-47B8-931E-CD31EF818B9F}.Debug|Any CPU.Build.0 = Debug|Any CPU
		{88580EB4-D72F-47B8-931E-CD31EF818B9F}.Debug|ARM.ActiveCfg = Debug|Any CPU
		{88580EB4-D72F-47B8-931E-CD31EF818B9F}.Debug|ARM.Build.0 = Debug|Any CPU
		{88580EB4-D72F-47B8-931E-CD31EF818B9F}.Debug|ARM64.ActiveCfg = Debug|Any CPU
		{88580EB4-D72F-47B8-931E-CD31EF818B9F}.Debug|ARM64.Build.0 = Debug|Any CPU
		{88580EB4-D72F-47B8-931E-CD31EF818B9F}.Debug|x64.ActiveCfg = Debug|Any CPU
		{88580EB4-D72F-47B8-931E-CD31EF818B9F}.Debug|x64.Build.0 = Debug|Any CPU
		{88580EB4-D72F-47B8-931E-CD31EF818B9F}.Debug|x86.ActiveCfg = Debug|Any CPU
		{88580EB4-D72F-47B8-931E-CD31EF818B9F}.Debug|x86.Build.0 = Debug|Any CPU
		{88580EB4-D72F-47B8-931E-CD31EF818B9F}.Release|Any CPU.ActiveCfg = Release|Any CPU
		{88580EB4-D72F-47B8-931E-CD31EF818B9F}.Release|Any CPU.Build.0 = Release|Any CPU
		{88580EB4-D72F-47B8-931E-CD31EF818B9F}.Release|ARM.ActiveCfg = Release|Any CPU
		{88580EB4-D72F-47B8-931E-CD31EF818B9F}.Release|ARM.Build.0 = Release|Any CPU
		{88580EB4-D72F-47B8-931E-CD31EF818B9F}.Release|ARM64.ActiveCfg = Release|Any CPU
		{88580EB4-D72F-47B8-931E-CD31EF818B9F}.Release|ARM64.Build.0 = Release|Any CPU
		{88580EB4-D72F-47B8-931E-CD31EF818B9F}.Release|x64.ActiveCfg = Release|Any CPU
		{88580EB4-D72F-47B8-931E-CD31EF818B9F}.Release|x64.Build.0 = Release|Any CPU
		{88580EB4-D72F-47B8-931E-CD31EF818B9F}.Release|x86.ActiveCfg = Release|Any CPU
		{88580EB4-D72F-47B8-931E-CD31EF818B9F}.Release|x86.Build.0 = Release|Any CPU
		{2531AD5D-520A-492C-92E5-F65E4B88B5E9}.Debug|Any CPU.ActiveCfg = Debug|Any CPU
		{2531AD5D-520A-492C-92E5-F65E4B88B5E9}.Debug|Any CPU.Build.0 = Debug|Any CPU
		{2531AD5D-520A-492C-92E5-F65E4B88B5E9}.Debug|ARM.ActiveCfg = Debug|Any CPU
		{2531AD5D-520A-492C-92E5-F65E4B88B5E9}.Debug|ARM.Build.0 = Debug|Any CPU
		{2531AD5D-520A-492C-92E5-F65E4B88B5E9}.Debug|ARM64.ActiveCfg = Debug|Any CPU
		{2531AD5D-520A-492C-92E5-F65E4B88B5E9}.Debug|ARM64.Build.0 = Debug|Any CPU
		{2531AD5D-520A-492C-92E5-F65E4B88B5E9}.Debug|x64.ActiveCfg = Debug|Any CPU
		{2531AD5D-520A-492C-92E5-F65E4B88B5E9}.Debug|x64.Build.0 = Debug|Any CPU
		{2531AD5D-520A-492C-92E5-F65E4B88B5E9}.Debug|x86.ActiveCfg = Debug|Any CPU
		{2531AD5D-520A-492C-92E5-F65E4B88B5E9}.Debug|x86.Build.0 = Debug|Any CPU
		{2531AD5D-520A-492C-92E5-F65E4B88B5E9}.Release|Any CPU.ActiveCfg = Release|Any CPU
		{2531AD5D-520A-492C-92E5-F65E4B88B5E9}.Release|Any CPU.Build.0 = Release|Any CPU
		{2531AD5D-520A-492C-92E5-F65E4B88B5E9}.Release|ARM.ActiveCfg = Release|Any CPU
		{2531AD5D-520A-492C-92E5-F65E4B88B5E9}.Release|ARM.Build.0 = Release|Any CPU
		{2531AD5D-520A-492C-92E5-F65E4B88B5E9}.Release|ARM64.ActiveCfg = Release|Any CPU
		{2531AD5D-520A-492C-92E5-F65E4B88B5E9}.Release|ARM64.Build.0 = Release|Any CPU
		{2531AD5D-520A-492C-92E5-F65E4B88B5E9}.Release|x64.ActiveCfg = Release|Any CPU
		{2531AD5D-520A-492C-92E5-F65E4B88B5E9}.Release|x64.Build.0 = Release|Any CPU
		{2531AD5D-520A-492C-92E5-F65E4B88B5E9}.Release|x86.ActiveCfg = Release|Any CPU
		{2531AD5D-520A-492C-92E5-F65E4B88B5E9}.Release|x86.Build.0 = Release|Any CPU
		{3B759797-3BB6-4CE4-AE22-E8F807AD06A9}.Debug|Any CPU.ActiveCfg = Debug|Any CPU
		{3B759797-3BB6-4CE4-AE22-E8F807AD06A9}.Debug|Any CPU.Build.0 = Debug|Any CPU
		{3B759797-3BB6-4CE4-AE22-E8F807AD06A9}.Debug|ARM.ActiveCfg = Debug|Any CPU
		{3B759797-3BB6-4CE4-AE22-E8F807AD06A9}.Debug|ARM.Build.0 = Debug|Any CPU
		{3B759797-3BB6-4CE4-AE22-E8F807AD06A9}.Debug|ARM64.ActiveCfg = Debug|Any CPU
		{3B759797-3BB6-4CE4-AE22-E8F807AD06A9}.Debug|ARM64.Build.0 = Debug|Any CPU
		{3B759797-3BB6-4CE4-AE22-E8F807AD06A9}.Debug|x64.ActiveCfg = Debug|Any CPU
		{3B759797-3BB6-4CE4-AE22-E8F807AD06A9}.Debug|x64.Build.0 = Debug|Any CPU
		{3B759797-3BB6-4CE4-AE22-E8F807AD06A9}.Debug|x86.ActiveCfg = Debug|Any CPU
		{3B759797-3BB6-4CE4-AE22-E8F807AD06A9}.Debug|x86.Build.0 = Debug|Any CPU
		{3B759797-3BB6-4CE4-AE22-E8F807AD06A9}.Release|Any CPU.ActiveCfg = Release|Any CPU
		{3B759797-3BB6-4CE4-AE22-E8F807AD06A9}.Release|Any CPU.Build.0 = Release|Any CPU
		{3B759797-3BB6-4CE4-AE22-E8F807AD06A9}.Release|ARM.ActiveCfg = Release|Any CPU
		{3B759797-3BB6-4CE4-AE22-E8F807AD06A9}.Release|ARM.Build.0 = Release|Any CPU
		{3B759797-3BB6-4CE4-AE22-E8F807AD06A9}.Release|ARM64.ActiveCfg = Release|Any CPU
		{3B759797-3BB6-4CE4-AE22-E8F807AD06A9}.Release|ARM64.Build.0 = Release|Any CPU
		{3B759797-3BB6-4CE4-AE22-E8F807AD06A9}.Release|x64.ActiveCfg = Release|Any CPU
		{3B759797-3BB6-4CE4-AE22-E8F807AD06A9}.Release|x64.Build.0 = Release|Any CPU
		{3B759797-3BB6-4CE4-AE22-E8F807AD06A9}.Release|x86.ActiveCfg = Release|Any CPU
		{3B759797-3BB6-4CE4-AE22-E8F807AD06A9}.Release|x86.Build.0 = Release|Any CPU
		{039C2392-403E-483F-B935-A68962D26CCE}.Debug|Any CPU.ActiveCfg = Debug|Any CPU
		{039C2392-403E-483F-B935-A68962D26CCE}.Debug|Any CPU.Build.0 = Debug|Any CPU
		{039C2392-403E-483F-B935-A68962D26CCE}.Debug|ARM.ActiveCfg = Debug|Any CPU
		{039C2392-403E-483F-B935-A68962D26CCE}.Debug|ARM.Build.0 = Debug|Any CPU
		{039C2392-403E-483F-B935-A68962D26CCE}.Debug|ARM64.ActiveCfg = Debug|Any CPU
		{039C2392-403E-483F-B935-A68962D26CCE}.Debug|ARM64.Build.0 = Debug|Any CPU
		{039C2392-403E-483F-B935-A68962D26CCE}.Debug|x64.ActiveCfg = Debug|Any CPU
		{039C2392-403E-483F-B935-A68962D26CCE}.Debug|x64.Build.0 = Debug|Any CPU
		{039C2392-403E-483F-B935-A68962D26CCE}.Debug|x86.ActiveCfg = Debug|Any CPU
		{039C2392-403E-483F-B935-A68962D26CCE}.Debug|x86.Build.0 = Debug|Any CPU
		{039C2392-403E-483F-B935-A68962D26CCE}.Release|Any CPU.ActiveCfg = Release|Any CPU
		{039C2392-403E-483F-B935-A68962D26CCE}.Release|Any CPU.Build.0 = Release|Any CPU
		{039C2392-403E-483F-B935-A68962D26CCE}.Release|ARM.ActiveCfg = Release|Any CPU
		{039C2392-403E-483F-B935-A68962D26CCE}.Release|ARM.Build.0 = Release|Any CPU
		{039C2392-403E-483F-B935-A68962D26CCE}.Release|ARM64.ActiveCfg = Release|Any CPU
		{039C2392-403E-483F-B935-A68962D26CCE}.Release|ARM64.Build.0 = Release|Any CPU
		{039C2392-403E-483F-B935-A68962D26CCE}.Release|x64.ActiveCfg = Release|Any CPU
		{039C2392-403E-483F-B935-A68962D26CCE}.Release|x64.Build.0 = Release|Any CPU
		{039C2392-403E-483F-B935-A68962D26CCE}.Release|x86.ActiveCfg = Release|Any CPU
		{039C2392-403E-483F-B935-A68962D26CCE}.Release|x86.Build.0 = Release|Any CPU
	EndGlobalSection
	GlobalSection(SolutionProperties) = preSolution
		HideSolutionNode = FALSE
	EndGlobalSection
	GlobalSection(NestedProjects) = preSolution
		{6762C93F-08CB-4128-AEAC-2E2D45A5590E} = {82374B36-F769-4DA3-9603-F4CBB5F6F9D9}
		{8DED2FA9-252E-447E-9D1C-780B552D8B58} = {969FC74F-C1A0-4725-9826-27852BDAE843}
		{0D6B4757-9C8C-4858-BD53-13C5FE2C346C} = {8BD33CBF-0682-4E25-9DC9-7572BD8388AA}
		{B9111315-57FB-4252-87B1-F6B9445495AC} = {76AE8C4C-B3EE-4E8E-BD70-12A09AF5B281}
		{D9EF25C0-C82F-4738-85EB-1E5CE3AC0BE8} = {82374B36-F769-4DA3-9603-F4CBB5F6F9D9}
		{0F16FBA0-C28D-4875-BB63-52AE832C0F4B} = {969FC74F-C1A0-4725-9826-27852BDAE843}
		{6D0C7920-CDE7-40C6-AA95-21E28DD5FCF5} = {8BD33CBF-0682-4E25-9DC9-7572BD8388AA}
		{EA73DFE6-A6DB-45AD-AA97-AAA0CAB8F0F5} = {969FC74F-C1A0-4725-9826-27852BDAE843}
		{88580EB4-D72F-47B8-931E-CD31EF818B9F} = {969FC74F-C1A0-4725-9826-27852BDAE843}
		{2531AD5D-520A-492C-92E5-F65E4B88B5E9} = {76AE8C4C-B3EE-4E8E-BD70-12A09AF5B281}
		{3B759797-3BB6-4CE4-AE22-E8F807AD06A9} = {969FC74F-C1A0-4725-9826-27852BDAE843}
		{039C2392-403E-483F-B935-A68962D26CCE} = {969FC74F-C1A0-4725-9826-27852BDAE843}
	EndGlobalSection
	GlobalSection(ExtensibilityGlobals) = postSolution
		SolutionGuid = {70951DEB-699D-4791-BEFD-F804FDE4C665}
	EndGlobalSection
EndGlobal
